
Microsoft Visual Studio Solution File, Format Version 12.00
# Visual Studio Version 17
VisualStudioVersion = 17.9.34728.123
MinimumVisualStudioVersion = 10.0.40219.1
Project("{FAE04EC0-301F-11D3-BF4B-00C04F79EFBC}") = "ex18_winControlApp", "ex18_winControlApp\ex18_winControlApp.csproj", "{310C1174-3A91-41B2-BC40-E04EE9D25247}"
EndProject
Global
	GlobalSection(SolutionConfigurationPlatforms) = preSolution
		Debug|Any CPU = Debug|Any CPU
		Release|Any CPU = Release|Any CPU
	EndGlobalSection
	GlobalSection(ProjectConfigurationPlatforms) = postSolution
		{310C1174-3A91-41B2-BC40-E04EE9D25247}.Debug|Any CPU.ActiveCfg = Debug|Any CPU
		{310C1174-3A91-41B2-BC40-E04EE9D25247}.Debug|Any CPU.Build.0 = Debug|Any CPU
		{310C1174-3A91-41B2-BC40-E04EE9D25247}.Release|Any CPU.ActiveCfg = Release|Any CPU
		{310C1174-3A91-41B2-BC40-E04EE9D25247}.Release|Any CPU.Build.0 = Release|Any CPU
	EndGlobalSection
	GlobalSection(SolutionProperties) = preSolution
		HideSolutionNode = FALSE
	EndGlobalSection
	GlobalSection(ExtensibilityGlobals) = postSolution
		SolutionGuid = {B33ED0FC-C783-4139-BE8A-6724DF32CFF8}
	EndGlobalSection
EndGlobal
