
Microsoft Visual Studio Solution File, Format Version 12.00
# Visual Studio Version 17
VisualStudioVersion = 17.9.34728.123
MinimumVisualStudioVersion = 10.0.40219.1
Project("{FAE04EC0-301F-11D3-BF4B-00C04F79EFBC}") = "ex07_collections", "ex07_collections\ex07_collections.csproj", "{17820945-73BB-43F1-9C32-8A17DE3DEEF9}"
EndProject
Project("{FAE04EC0-301F-11D3-BF4B-00C04F79EFBC}") = "ex08_generics", "ex08_generics\ex08_generics.csproj", "{B2391719-DE58-4F33-924F-AB405E2A6FC8}"
EndProject
Project("{FAE04EC0-301F-11D3-BF4B-00C04F79EFBC}") = "ex09_exceptionhandlings", "ex09_exceptionhandlings\ex09_exceptionhandlings.csproj", "{0227F7E9-D631-4048-B4D3-2644D4B51297}"
EndProject
Project("{FAE04EC0-301F-11D3-BF4B-00C04F79EFBC}") = "ex10_delegators", "ex10_delegators\ex10_delegators.csproj", "{231734CC-70B1-40CA-BB45-502D58C0C111}"
EndProject
Project("{FAE04EC0-301F-11D3-BF4B-00C04F79EFBC}") = "ex11_events", "ex11_events\ex11_events.csproj", "{BAD10CBF-75A1-4D2E-A8A2-A08A92F0E3FC}"
EndProject
Global
	GlobalSection(SolutionConfigurationPlatforms) = preSolution
		Debug|Any CPU = Debug|Any CPU
		Release|Any CPU = Release|Any CPU
	EndGlobalSection
	GlobalSection(ProjectConfigurationPlatforms) = postSolution
		{17820945-73BB-43F1-9C32-8A17DE3DEEF9}.Debug|Any CPU.ActiveCfg = Debug|Any CPU
		{17820945-73BB-43F1-9C32-8A17DE3DEEF9}.Debug|Any CPU.Build.0 = Debug|Any CPU
		{17820945-73BB-43F1-9C32-8A17DE3DEEF9}.Release|Any CPU.ActiveCfg = Release|Any CPU
		{17820945-73BB-43F1-9C32-8A17DE3DEEF9}.Release|Any CPU.Build.0 = Release|Any CPU
		{B2391719-DE58-4F33-924F-AB405E2A6FC8}.Debug|Any CPU.ActiveCfg = Debug|Any CPU
		{B2391719-DE58-4F33-924F-AB405E2A6FC8}.Debug|Any CPU.Build.0 = Debug|Any CPU
		{B2391719-DE58-4F33-924F-AB405E2A6FC8}.Release|Any CPU.ActiveCfg = Release|Any CPU
		{B2391719-DE58-4F33-924F-AB405E2A6FC8}.Release|Any CPU.Build.0 = Release|Any CPU
		{0227F7E9-D631-4048-B4D3-2644D4B51297}.Debug|Any CPU.ActiveCfg = Debug|Any CPU
		{0227F7E9-D631-4048-B4D3-2644D4B51297}.Debug|Any CPU.Build.0 = Debug|Any CPU
		{0227F7E9-D631-4048-B4D3-2644D4B51297}.Release|Any CPU.ActiveCfg = Release|Any CPU
		{0227F7E9-D631-4048-B4D3-2644D4B51297}.Release|Any CPU.Build.0 = Release|Any CPU
		{231734CC-70B1-40CA-BB45-502D58C0C111}.Debug|Any CPU.ActiveCfg = Debug|Any CPU
		{231734CC-70B1-40CA-BB45-502D58C0C111}.Debug|Any CPU.Build.0 = Debug|Any CPU
		{231734CC-70B1-40CA-BB45-502D58C0C111}.Release|Any CPU.ActiveCfg = Release|Any CPU
		{231734CC-70B1-40CA-BB45-502D58C0C111}.Release|Any CPU.Build.0 = Release|Any CPU
		{BAD10CBF-75A1-4D2E-A8A2-A08A92F0E3FC}.Debug|Any CPU.ActiveCfg = Debug|Any CPU
		{BAD10CBF-75A1-4D2E-A8A2-A08A92F0E3FC}.Debug|Any CPU.Build.0 = Debug|Any CPU
		{BAD10CBF-75A1-4D2E-A8A2-A08A92F0E3FC}.Release|Any CPU.ActiveCfg = Release|Any CPU
		{BAD10CBF-75A1-4D2E-A8A2-A08A92F0E3FC}.Release|Any CPU.Build.0 = Release|Any CPU
	EndGlobalSection
	GlobalSection(SolutionProperties) = preSolution
		HideSolutionNode = FALSE
	EndGlobalSection
	GlobalSection(ExtensibilityGlobals) = postSolution
		SolutionGuid = {F9C42FD8-D272-4837-A146-F9B5C9811C01}
	EndGlobalSection
EndGlobal
